
Microsoft Visual Studio Solution File, Format Version 12.00
# Visual Studio Version 17
VisualStudioVersion = 17.6.33829.357
MinimumVisualStudioVersion = 10.0.40219.1
Project("{FAE04EC0-301F-11D3-BF4B-00C04F79EFBC}") = "LibraryApp", "LibraryApp\LibraryApp.csproj", "{D6493443-9B1F-4AFF-ADE6-6F96BB345A72}"
EndProject
Project("{FAE04EC0-301F-11D3-BF4B-00C04F79EFBC}") = "Domain", "Domain\Domain.csproj", "{054517E1-F13D-43CB-B04F-6150D7B5FD83}"
EndProject
Project("{FAE04EC0-301F-11D3-BF4B-00C04F79EFBC}") = "Repository", "Repository\Repository.csproj", "{3CD46F81-A54A-474C-82CF-E42CD73FD107}"
EndProject
Project("{FAE04EC0-301F-11D3-BF4B-00C04F79EFBC}") = "Service", "Service\Service.csproj", "{241B194F-D69B-47AA-8552-EBEF082D69FA}"
EndProject
Global
	GlobalSection(SolutionConfigurationPlatforms) = preSolution
		Debug|Any CPU = Debug|Any CPU
		Release|Any CPU = Release|Any CPU
	EndGlobalSection
	GlobalSection(ProjectConfigurationPlatforms) = postSolution
		{D6493443-9B1F-4AFF-ADE6-6F96BB345A72}.Debug|Any CPU.ActiveCfg = Debug|Any CPU
		{D6493443-9B1F-4AFF-ADE6-6F96BB345A72}.Debug|Any CPU.Build.0 = Debug|Any CPU
		{D6493443-9B1F-4AFF-ADE6-6F96BB345A72}.Release|Any CPU.ActiveCfg = Release|Any CPU
		{D6493443-9B1F-4AFF-ADE6-6F96BB345A72}.Release|Any CPU.Build.0 = Release|Any CPU
		{054517E1-F13D-43CB-B04F-6150D7B5FD83}.Debug|Any CPU.ActiveCfg = Debug|Any CPU
		{054517E1-F13D-43CB-B04F-6150D7B5FD83}.Debug|Any CPU.Build.0 = Debug|Any CPU
		{054517E1-F13D-43CB-B04F-6150D7B5FD83}.Release|Any CPU.ActiveCfg = Release|Any CPU
		{054517E1-F13D-43CB-B04F-6150D7B5FD83}.Release|Any CPU.Build.0 = Release|Any CPU
		{3CD46F81-A54A-474C-82CF-E42CD73FD107}.Debug|Any CPU.ActiveCfg = Debug|Any CPU
		{3CD46F81-A54A-474C-82CF-E42CD73FD107}.Debug|Any CPU.Build.0 = Debug|Any CPU
		{3CD46F81-A54A-474C-82CF-E42CD73FD107}.Release|Any CPU.ActiveCfg = Release|Any CPU
		{3CD46F81-A54A-474C-82CF-E42CD73FD107}.Release|Any CPU.Build.0 = Release|Any CPU
		{241B194F-D69B-47AA-8552-EBEF082D69FA}.Debug|Any CPU.ActiveCfg = Debug|Any CPU
		{241B194F-D69B-47AA-8552-EBEF082D69FA}.Debug|Any CPU.Build.0 = Debug|Any CPU
		{241B194F-D69B-47AA-8552-EBEF082D69FA}.Release|Any CPU.ActiveCfg = Release|Any CPU
		{241B194F-D69B-47AA-8552-EBEF082D69FA}.Release|Any CPU.Build.0 = Release|Any CPU
	EndGlobalSection
	GlobalSection(SolutionProperties) = preSolution
		HideSolutionNode = FALSE
	EndGlobalSection
	GlobalSection(ExtensibilityGlobals) = postSolution
		SolutionGuid = {9DA98987-AED3-4BD2-AA96-96645D74732D}
	EndGlobalSection
EndGlobal
